
Microsoft Visual Studio Solution File, Format Version 12.00
# Visual Studio 2013
VisualStudioVersion = 12.0.40629.0
MinimumVisualStudioVersion = 10.0.40219.1
Project("{FAE04EC0-301F-11D3-BF4B-00C04F79EFBC}") = "WebRTC_SignalR", "WebRTC_SignalR\WebRTC_SignalR.csproj", "{95FF6E0E-F12F-49AD-A4D5-B7DF9B378183}"
EndProject
Global
	GlobalSection(SolutionConfigurationPlatforms) = preSolution
		Debug|Any CPU = Debug|Any CPU
		Release|Any CPU = Release|Any CPU
	EndGlobalSection
	GlobalSection(ProjectConfigurationPlatforms) = postSolution
		{95FF6E0E-F12F-49AD-A4D5-B7DF9B378183}.Debug|Any CPU.ActiveCfg = Debug|Any CPU
		{95FF6E0E-F12F-49AD-A4D5-B7DF9B378183}.Debug|Any CPU.Build.0 = Debug|Any CPU
		{95FF6E0E-F12F-49AD-A4D5-B7DF9B378183}.Release|Any CPU.ActiveCfg = Release|Any CPU
		{95FF6E0E-F12F-49AD-A4D5-B7DF9B378183}.Release|Any CPU.Build.0 = Release|Any CPU
	EndGlobalSection
	GlobalSection(SolutionProperties) = preSolution
		HideSolutionNode = FALSE
	EndGlobalSection
EndGlobal
